{
  "version": 4,
  "terraform_version": "1.15.5",
  "serial": 4,
  "lineage": "f474bbb1-1565-0af1-3a1d-d842babea9d4",
  "outputs": {},
  "resources": [
    {
      "mode": "data",
      "type": "archive_file",
      "name": "image_resizer",
      "provider": "provider[\"registry.terraform.io/hashicorp/archive\"]",
      "instances": [
        {
          "schema_version": 0,
          "attributes": {
            "exclude_symlink_directories": null,
            "excludes": null,
            "id": "1fabd9779ca80ac64208d0ff93a3095e427114cb",
            "output_base64sha256": "3kEgdR9gV2bexrbc8wU7z2098T4CwDiefZPi9NGWAso=",
            "output_base64sha512": "YmLw2PzLuyFtJuBOPdPbVI2JUo3xsMC4oq5YUGzaaHNxbGewmY3ywpydPJuqtkf6IL3wynNU+BN7OilB4/xwqQ==",
            "output_file_mode": null,
            "output_md5": "c22543a43fc7c4f5137bc8fe20f64262",
            "output_path": "./../server/lambda/imageResizer/dist/imageResizer.zip",
            "output_sha": "1fabd9779ca80ac64208d0ff93a3095e427114cb",
            "output_sha256": "de4120751f605766dec6b6dcf3053bcf6d3df13e02c0389e7d93e2f4d19602ca",
            "output_sha512": "6262f0d8fccbbb216d26e04e3dd3db548d89528df1b0c0b8a2ae58506cda6873716c67b0998df2c29c9d3c9baab647fa20bdf0ca7354f8137b3a2941e3fc70a9",
            "output_size": 7897304,
            "source": [],
            "source_content": null,
            "source_content_filename": null,
            "source_dir": "./../server/lambda/imageResizer/dist/bundle",
            "source_file": null,
            "type": "zip"
          },
          "sensitive_attributes": [],
          "identity_schema_version": 0
        }
      ]
    },
    {
      "mode": "managed",
      "type": "aws_iam_role",
      "name": "image_resizer",
      "provider": "provider[\"registry.terraform.io/hashicorp/aws\"]",
      "instances": [
        {
          "schema_version": 0,
          "attributes": {
            "arn": "arn:aws:iam::000000000000:role/image-resizer-lambda-role",
            "assume_role_policy": "{\"Statement\":[{\"Action\":\"sts:AssumeRole\",\"Effect\":\"Allow\",\"Principal\":{\"Service\":\"lambda.amazonaws.com\"}}],\"Version\":\"2012-10-17\"}",
            "create_date": "2026-06-06T13:42:48Z",
            "description": "",
            "force_detach_policies": false,
            "id": "image-resizer-lambda-role",
            "inline_policy": [],
            "managed_policy_arns": [],
            "max_session_duration": 3600,
            "name": "image-resizer-lambda-role",
            "name_prefix": "",
            "path": "/",
            "permissions_boundary": "",
            "tags": null,
            "tags_all": {},
            "unique_id": "AROAQAAAAAAAC25JUIYIY"
          },
          "sensitive_attributes": [],
          "identity_schema_version": 0,
          "identity": {
            "account_id": "",
            "name": "image-resizer-lambda-role"
          },
          "private": "bnVsbA=="
        }
      ]
    }
  ],
  "check_results": [
    {
      "object_kind": "var",
      "config_addr": "var.environment",
      "status": "pass",
      "objects": [
        {
          "object_addr": "var.environment",
          "status": "pass"
        }
      ]
    }
  ]
}
